// !$*UTF8*$!
{
	archiveVersion = 1;
	classes = {
	};
	objectVersion = 46;
	objects = {

/* Begin PBXBuildFile section */
		D08E49EB1BC6C707004FF91F /* AppDelegate.swift in Sources */ = {isa = PBXBuildFile; fileRef = D08E49EA1BC6C707004FF91F /* AppDelegate.swift */; };
		D08E49ED1BC6C707004FF91F /* ViewController.swift in Sources */ = {isa = PBXBuildFile; fileRef = D08E49EC1BC6C707004FF91F /* ViewController.swift */; };
		D08E49F01BC6C707004FF91F /* Main.storyboard in Resources */ = {isa = PBXBuildFile; fileRef = D08E49EE1BC6C707004FF91F /* Main.storyboard */; };
		D08E49F21BC6C707004FF91F /* Images.xcassets in Resources */ = {isa = PBXBuildFile; fileRef = D08E49F11BC6C707004FF91F /* Images.xcassets */; };
		D08E49F51BC6C707004FF91F /* LaunchScreen.xib in Resources */ = {isa = PBXBuildFile; fileRef = D08E49F31BC6C707004FF91F /* LaunchScreen.xib */; };
		D08E4A011BC6C708004FF91F /* locationTests.swift in Sources */ = {isa = PBXBuildFile; fileRef = D08E4A001BC6C708004FF91F /* locationTests.swift */; };
		D08E4A0B1BC6C779004FF91F /* CoreLocation.framework in Frameworks */ = {isa = PBXBuildFile; fileRef = D08E4A0A1BC6C779004FF91F /* CoreLocation.framework */; };
		D08E4A0D1BC6C78F004FF91F /* MapKit.framework in Frameworks */ = {isa = PBXBuildFile; fileRef = D08E4A0C1BC6C78F004FF91F /* MapKit.framework */; };
/* End PBXBuildFile section */

/* Begin PBXContainerItemProxy section */
		D08E49FB1BC6C708004FF91F /* PBXContainerItemProxy */ = {
			isa = PBXContainerItemProxy;
			containerPortal = D08E49DD1BC6C707004FF91F /* Project object */;
			proxyType = 1;
			remoteGlobalIDString = D08E49E41BC6C707004FF91F;
			remoteInfo = location;
		};
/* End PBXContainerItemProxy section */

/* Begin PBXFileReference section */
		D08E49E51BC6C707004FF91F /* location.app */ = {isa = PBXFileReference; explicitFileType = wrapper.application; includeInIndex = 0; path = location.app; sourceTree = BUILT_PRODUCTS_DIR; };
		D08E49E91BC6C707004FF91F /* Info.plist */ = {isa = PBXFileReference; lastKnownFileType = text.plist.xml; path = Info.plist; sourceTree = "<group>"; };
		D08E49EA1BC6C707004FF91F /* AppDelegate.swift */ = {isa = PBXFileReference; lastKnownFileType = sourcecode.swift; path = AppDelegate.swift; sourceTree = "<group>"; };
		D08E49EC1BC6C707004FF91F /* ViewController.swift */ = {isa = PBXFileReference; lastKnownFileType = sourcecode.swift; path = ViewController.swift; sourceTree = "<group>"; };
		D08E49EF1BC6C707004FF91F /* Base */ = {isa = PBXFileReference; lastKnownFileType = file.storyboard; name = Base; path = Base.lproj/Main.storyboard; sourceTree = "<group>"; };
		D08E49F11BC6C707004FF91F /* Images.xcassets */ = {isa = PBXFileReference; lastKnownFileType = folder.assetcatalog; path = Images.xcassets; sourceTree = "<group>"; };
		D08E49F41BC6C707004FF91F /* Base */ = {isa = PBXFileReference; lastKnownFileType = file.xib; name = Base; path = Base.lproj/LaunchScreen.xib; sourceTree = "<group>"; };
		D08E49FA1BC6C708004FF91F /* locationTests.xctest */ = {isa = PBXFileReference; explicitFileType = wrapper.cfbundle; includeInIndex = 0; path = locationTests.xctest; sourceTree = BUILT_PRODUCTS_DIR; };
		D08E49FF1BC6C708004FF91F /* Info.plist */ = {isa = PBXFileReference; lastKnownFileType = text.plist.xml; path = Info.plist; sourceTree = "<group>"; };
		D08E4A001BC6C708004FF91F /* locationTests.swift */ = {isa = PBXFileReference; lastKnownFileType = sourcecode.swift; path = locationTests.swift; sourceTree = "<group>"; };
		D08E4A0A1BC6C779004FF91F /* CoreLocation.framework */ = {isa = PBXFileReference; lastKnownFileType = wrapper.framework; name = CoreLocation.framework; path = System/Library/Frameworks/CoreLocation.framework; sourceTree = SDKROOT; };
		D08E4A0C1BC6C78F004FF91F /* MapKit.framework */ = {isa = PBXFileReference; lastKnownFileType = wrapper.framework; name = MapKit.framework; path = System/Library/Frameworks/MapKit.framework; sourceTree = SDKROOT; };
/* End PBXFileReference section */

/* Begin PBXFrameworksBuildPhase section */
		D08E49E21BC6C707004FF91F /* Frameworks */ = {
			isa = PBXFrameworksBuildPhase;
			buildActionMask = 2147483647;
			files = (
				D08E4A0D1BC6C78F004FF91F /* MapKit.framework in Frameworks */,
				D08E4A0B1BC6C779004FF91F /* CoreLocation.framework in Frameworks */,
			);
			runOnlyForDeploymentPostprocessing = 0;
		};
		D08E49F71BC6C708004FF91F /* Frameworks */ = {
			isa = PBXFrameworksBuildPhase;
			buildActionMask = 2147483647;
			files = (
			);
			runOnlyForDeploymentPostprocessing = 0;
		};
/* End PBXFrameworksBuildPhase section */

/* Begin PBXGroup section */
		D08E49DC1BC6C707004FF91F = {
			isa = PBXGroup;
			children = (
				D08E4A0C1BC6C78F004FF91F /* MapKit.framework */,
				D08E4A0A1BC6C779004FF91F /* CoreLocation.framework */,
				D08E49E71BC6C707004FF91F /* location */,
				D08E49FD1BC6C708004FF91F /* locationTests */,
				D08E49E61BC6C707004FF91F /* Products */,
			);
			sourceTree = "<group>";
		};
		D08E49E61BC6C707004FF91F /* Products */ = {
			isa = PBXGroup;
			children = (
				D08E49E51BC6C707004FF91F /* location.app */,
				D08E49FA1BC6C708004FF91F /* locationTests.xctest */,
			);
			name = Products;
			sourceTree = "<group>";
		};
		D08E49E71BC6C707004FF91F /* location */ = {
			isa = PBXGroup;
			children = (
				D08E49EA1BC6C707004FF91F /* AppDelegate.swift */,
				D08E49EC1BC6C707004FF91F /* ViewController.swift */,
				D08E49EE1BC6C707004FF91F /* Main.storyboard */,
				D08E49F11BC6C707004FF91F /* Images.xcassets */,
				D08E49F31BC6C707004FF91F /* LaunchScreen.xib */,
				D08E49E81BC6C707004FF91F /* Supporting Files */,
			);
			path = location;
			sourceTree = "<group>";
		};
		D08E49E81BC6C707004FF91F /* Supporting Files */ = {
			isa = PBXGroup;
			children = (
				D08E49E91BC6C707004FF91F /* Info.plist */,
			);
			name = "Supporting Files";
			sourceTree = "<group>";
		};
		D08E49FD1BC6C708004FF91F /* locationTests */ = {
			isa = PBXGroup;
			children = (
				D08E4A001BC6C708004FF91F /* locationTests.swift */,
				D08E49FE1BC6C708004FF91F /* Supporting Files */,
			);
			path = locationTests;
			sourceTree = "<group>";
		};
		D08E49FE1BC6C708004FF91F /* Supporting Files */ = {
			isa = PBXGroup;
			children = (
				D08E49FF1BC6C708004FF91F /* Info.plist */,
			);
			name = "Supporting Files";
			sourceTree = "<group>";
		};
/* End PBXGroup section */

/* Begin PBXNativeTarget section */
		D08E49E41BC6C707004FF91F /* location */ = {
			isa = PBXNativeTarget;
			buildConfigurationList = D08E4A041BC6C708004FF91F /* Build configuration list for PBXNativeTarget "location" */;
			buildPhases = (
				D08E49E11BC6C707004FF91F /* Sources */,
				D08E49E21BC6C707004FF91F /* Frameworks */,
				D08E49E31BC6C707004FF91F /* Resources */,
			);
			buildRules = (
			);
			dependencies = (
			);
			name = location;
			productName = location;
			productReference = D08E49E51BC6C707004FF91F /* location.app */;
			productType = "com.apple.product-type.application";
		};
		D08E49F91BC6C708004FF91F /* locationTests */ = {
			isa = PBXNativeTarget;
			buildConfigurationList = D08E4A071BC6C708004FF91F /* Build configuration list for PBXNativeTarget "locationTests" */;
			buildPhases = (
				D08E49F61BC6C708004FF91F /* Sources */,
				D08E49F71BC6C708004FF91F /* Frameworks */,
				D08E49F81BC6C708004FF91F /* Resources */,
			);
			buildRules = (
			);
			dependencies = (
				D08E49FC1BC6C708004FF91F /* PBXTargetDependency */,
			);
			name = locationTests;
			productName = locationTests;
			productReference = D08E49FA1BC6C708004FF91F /* locationTests.xctest */;
			productType = "com.apple.product-type.bundle.unit-test";
		};
/* End PBXNativeTarget section */

/* Begin PBXProject section */
		D08E49DD1BC6C707004FF91F /* Project object */ = {
			isa = PBXProject;
			attributes = {
				LastUpgradeCheck = 0640;
				ORGANIZATIONNAME = "Yadira Valadez";
				TargetAttributes = {
					D08E49E41BC6C707004FF91F = {
						CreatedOnToolsVersion = 6.4;
					};
					D08E49F91BC6C708004FF91F = {
						CreatedOnToolsVersion = 6.4;
						TestTargetID = D08E49E41BC6C707004FF91F;
					};
				};
			};
			buildConfigurationList = D08E49E01BC6C707004FF91F /* Build configuration list for PBXProject "location" */;
			compatibilityVersion = "Xcode 3.2";
			developmentRegion = English;
			hasScannedForEncodings = 0;
			knownRegions = (
				en,
				Base,
			);
			mainGroup = D08E49DC1BC6C707004FF91F;
			productRefGroup = D08E49E61BC6C707004FF91F /* Products */;
			projectDirPath = "";
			projectRoot = "";
			targets = (
				D08E49E41BC6C707004FF91F /* location */,
				D08E49F91BC6C708004FF91F /* locationTests */,
			);
		};
/* End PBXProject section */

/* Begin PBXResourcesBuildPhase section */
		D08E49E31BC6C707004FF91F /* Resources */ = {
			isa = PBXResourcesBuildPhase;
			buildActionMask = 2147483647;
			files = (
				D08E49F01BC6C707004FF91F /* Main.storyboard in Resources */,
				D08E49F51BC6C707004FF91F /* LaunchScreen.xib in Resources */,
				D08E49F21BC6C707004FF91F /* Images.xcassets in Resources */,
			);
			runOnlyForDeploymentPostprocessing = 0;
		};
		D08E49F81BC6C708004FF91F /* Resources */ = {
			isa = PBXResourcesBuildPhase;
			buildActionMask = 2147483647;
			files = (
			);
			runOnlyForDeploymentPostprocessing = 0;
		};
/* End PBXResourcesBuildPhase section */

/* Begin PBXSourcesBuildPhase section */
		D08E49E11BC6C707004FF91F /* Sources */ = {
			isa = PBXSourcesBuildPhase;
			buildActionMask = 2147483647;
			files = (
				D08E49ED1BC6C707004FF91F /* ViewController.swift in Sources */,
				D08E49EB1BC6C707004FF91F /* AppDelegate.swift in Sources */,
			);
			runOnlyForDeploymentPostprocessing = 0;
		};
		D08E49F61BC6C708004FF91F /* Sources */ = {
			isa = PBXSourcesBuildPhase;
			buildActionMask = 2147483647;
			files = (
				D08E4A011BC6C708004FF91F /* locationTests.swift in Sources */,
			);
			runOnlyForDeploymentPostprocessing = 0;
		};
/* End PBXSourcesBuildPhase section */

/* Begin PBXTargetDependency section */
		D08E49FC1BC6C708004FF91F /* PBXTargetDependency */ = {
			isa = PBXTargetDependency;
			target = D08E49E41BC6C707004FF91F /* location */;
			targetProxy = D08E49FB1BC6C708004FF91F /* PBXContainerItemProxy */;
		};
/* End PBXTargetDependency section */

/* Begin PBXVariantGroup section */
		D08E49EE1BC6C707004FF91F /* Main.storyboard */ = {
			isa = PBXVariantGroup;
			children = (
				D08E49EF1BC6C707004FF91F /* Base */,
			);
			name = Main.storyboard;
			sourceTree = "<group>";
		};
		D08E49F31BC6C707004FF91F /* LaunchScreen.xib */ = {
			isa = PBXVariantGroup;
			children = (
				D08E49F41BC6C707004FF91F /* Base */,
			);
			name = LaunchScreen.xib;
			sourceTree = "<group>";
		};
/* End PBXVariantGroup section */

/* Begin XCBuildConfiguration section */
		D08E4A021BC6C708004FF91F /* Debug */ = {
			isa = XCBuildConfiguration;
			buildSettings = {
				ALWAYS_SEARCH_USER_PATHS = NO;
				CLANG_CXX_LANGUAGE_STANDARD = "gnu++0x";
				CLANG_CXX_LIBRARY = "libc++";
				CLANG_ENABLE_MODULES = YES;
				CLANG_ENABLE_OBJC_ARC = YES;
				CLANG_WARN_BOOL_CONVERSION = YES;
				CLANG_WARN_CONSTANT_CONVERSION = YES;
				CLANG_WARN_DIRECT_OBJC_ISA_USAGE = YES_ERROR;
				CLANG_WARN_EMPTY_BODY = YES;
				CLANG_WARN_ENUM_CONVERSION = YES;
				CLANG_WARN_INT_CONVERSION = YES;
				CLANG_WARN_OBJC_ROOT_CLASS = YES_ERROR;
				CLANG_WARN_UNREACHABLE_CODE = YES;
				CLANG_WARN__DUPLICATE_METHOD_MATCH = YES;
				"CODE_SIGN_IDENTITY[sdk=iphoneos*]" = "iPhone Developer";
				COPY_PHASE_STRIP = NO;
				DEBUG_INFORMATION_FORMAT = "dwarf-with-dsym";
				ENABLE_STRICT_OBJC_MSGSEND = YES;
				GCC_C_LANGUAGE_STANDARD = gnu99;
				GCC_DYNAMIC_NO_PIC = NO;
				GCC_NO_COMMON_BLOCKS = YES;
				GCC_OPTIMIZATION_LEVEL = 0;
				GCC_PREPROCESSOR_DEFINITIONS = (
					"DEBUG=1",
					"$(inherited)",
				);
				GCC_SYMBOLS_PRIVATE_EXTERN = NO;
				GCC_WARN_64_TO_32_BIT_CONVERSION = YES;
				GCC_WARN_ABOUT_RETURN_TYPE = YES_ERROR;
				GCC_WARN_UNDECLARED_SELECTOR = YES;
				GCC_WARN_UNINITIALIZED_AUTOS = YES_AGGRESSIVE;
				GCC_WARN_UNUSED_FUNCTION = YES;
				GCC_WARN_UNUSED_VARIABLE = YES;
				IPHONEOS_DEPLOYMENT_TARGET = 8.4;
				MTL_ENABLE_DEBUG_INFO = YES;
				ONLY_ACTIVE_ARCH = YES;
				SDKROOT = iphoneos;
				SWIFT_OPTIMIZATION_LEVEL = "-Onone";
			};
			name = Debug;
		};
		D08E4A031BC6C708004FF91F /* Release */ = {
			isa = XCBuildConfiguration;
			buildSettings = {
				ALWAYS_SEARCH_USER_PATHS = NO;
				CLANG_CXX_LANGUAGE_STANDARD = "gnu++0x";
				CLANG_CXX_LIBRARY = "libc++";
				CLANG_ENABLE_MODULES = YES;
				CLANG_ENABLE_OBJC_ARC = YES;
				CLANG_WARN_BOOL_CONVERSION = YES;
				CLANG_WARN_CONSTANT_CONVERSION = YES;
				CLANG_WARN_DIRECT_OBJC_ISA_USAGE = YES_ERROR;
				CLANG_WARN_EMPTY_BODY = YES;
				CLANG_WARN_ENUM_CONVERSION = YES;
				CLANG_WARN_INT_CONVERSION = YES;
				CLANG_WARN_OBJC_ROOT_CLASS = YES_ERROR;
				CLANG_WARN_UNREACHABLE_CODE = YES;
				CLANG_WARN__DUPLICATE_METHOD_MATCH = YES;
				"CODE_SIGN_IDENTITY[sdk=iphoneos*]" = "iPhone Developer";
				COPY_PHASE_STRIP = NO;
				DEBUG_INFORMATION_FORMAT = "dwarf-with-dsym";
				ENABLE_NS_ASSERTIONS = NO;
				ENABLE_STRICT_OBJC_MSGSEND = YES;
				GCC_C_LANGUAGE_STANDARD = gnu99;
				GCC_NO_COMMON_BLOCKS = YES;
				GCC_WARN_64_TO_32_BIT_CONVERSION = YES;
				GCC_WARN_ABOUT_RETURN_TYPE = YES_ERROR;
				GCC_WARN_UNDECLARED_SELECTOR = YES;
				GCC_WARN_UNINITIALIZED_AUTOS = YES_AGGRESSIVE;
				GCC_WARN_UNUSED_FUNCTION = YES;
				GCC_WARN_UNUSED_VARIABLE = YES;
				IPHONEOS_DEPLOYMENT_TARGET = 8.4;
				MTL_ENABLE_DEBUG_INFO = NO;
				SDKROOT = iphoneos;
				VALIDATE_PRODUCT = YES;
			};
			name = Release;
		};
		D08E4A051BC6C708004FF91F /* Debug */ = {
			isa = XCBuildConfiguration;
			buildSettings = {
				ASSETCATALOG_COMPILER_APPICON_NAME = AppIcon;
				INFOPLIST_FILE = location/Info.plist;
				LD_RUNPATH_SEARCH_PATHS = "$(inherited) @executable_path/Frameworks";
				PRODUCT_NAME = "$(TARGET_NAME)";
			};
			name = Debug;
		};
		D08E4A061BC6C708004FF91F /* Release */ = {
			isa = XCBuildConfiguration;
			buildSettings = {
				ASSETCATALOG_COMPILER_APPICON_NAME = AppIcon;
				INFOPLIST_FILE = location/Info.plist;
				LD_RUNPATH_SEARCH_PATHS = "$(inherited) @executable_path/Frameworks";
				PRODUCT_NAME = "$(TARGET_NAME)";
			};
			name = Release;
		};
		D08E4A081BC6C708004FF91F /* Debug */ = {
			isa = XCBuildConfiguration;
			buildSettings = {
				BUNDLE_LOADER = "$(TEST_HOST)";
				FRAMEWORK_SEARCH_PATHS = (
					"$(SDKROOT)/Developer/Library/Frameworks",
					"$(inherited)",
				);
				GCC_PREPROCESSOR_DEFINITIONS = (
					"DEBUG=1",
					"$(inherited)",
				);
				INFOPLIST_FILE = locationTests/Info.plist;
				LD_RUNPATH_SEARCH_PATHS = "$(inherited) @executable_path/Frameworks @loader_path/Frameworks";
				PRODUCT_NAME = "$(TARGET_NAME)";
				TEST_HOST = "$(BUILT_PRODUCTS_DIR)/location.app/location";
			};
			name = Debug;
		};
		D08E4A091BC6C708004FF91F /* Release */ = {
			isa = XCBuildConfiguration;
			buildSettings = {
				BUNDLE_LOADER = "$(TEST_HOST)";
				FRAMEWORK_SEARCH_PATHS = (
					"$(SDKROOT)/Developer/Library/Frameworks",
					"$(inherited)",
				);
				INFOPLIST_FILE = locationTests/Info.plist;
				LD_RUNPATH_SEARCH_PATHS = "$(inherited) @executable_path/Frameworks @loader_path/Frameworks";
				PRODUCT_NAME = "$(TARGET_NAME)";
				TEST_HOST = "$(BUILT_PRODUCTS_DIR)/location.app/location";
			};
			name = Release;
		};
/* End XCBuildConfiguration section */

/* Begin XCConfigurationList section */
		D08E49E01BC6C707004FF91F /* Build configuration list for PBXProject "location" */ = {
			isa = XCConfigurationList;
			buildConfigurations = (
				D08E4A021BC6C708004FF91F /* Debug */,
				D08E4A031BC6C708004FF91F /* Release */,
			);
			defaultConfigurationIsVisible = 0;
			defaultConfigurationName = Release;
		};
		D08E4A041BC6C708004FF91F /* Build configuration list for PBXNativeTarget "location" */ = {
			isa = XCConfigurationList;
			buildConfigurations = (
				D08E4A051BC6C708004FF91F /* Debug */,
				D08E4A061BC6C708004FF91F /* Release */,
			);
			defaultConfigurationIsVisible = 0;
		};
		D08E4A071BC6C708004FF91F /* Build configuration list for PBXNativeTarget "locationTests" */ = {
			isa = XCConfigurationList;
			buildConfigurations = (
				D08E4A081BC6C708004FF91F /* Debug */,
				D08E4A091BC6C708004FF91F /* Release */,
			);
			defaultConfigurationIsVisible = 0;
		};
/* End XCConfigurationList section */
	};
	rootObject = D08E49DD1BC6C707004FF91F /* Project object */;
}
