// !$*UTF8*$!
{
	archiveVersion = 1;
	classes = {
	};
	objectVersion = 46;
	objects = {

/* Begin PBXBuildFile section */
		018B372A1BAB882700D70719 /* AppDelegate.swift in Sources */ = {isa = PBXBuildFile; fileRef = 018B37291BAB882700D70719 /* AppDelegate.swift */; };
		018B372C1BAB882700D70719 /* ViewController.swift in Sources */ = {isa = PBXBuildFile; fileRef = 018B372B1BAB882700D70719 /* ViewController.swift */; };
		018B372F1BAB882700D70719 /* Main.storyboard in Resources */ = {isa = PBXBuildFile; fileRef = 018B372D1BAB882700D70719 /* Main.storyboard */; };
		018B37311BAB882700D70719 /* Images.xcassets in Resources */ = {isa = PBXBuildFile; fileRef = 018B37301BAB882700D70719 /* Images.xcassets */; };
		018B37341BAB882700D70719 /* LaunchScreen.xib in Resources */ = {isa = PBXBuildFile; fileRef = 018B37321BAB882700D70719 /* LaunchScreen.xib */; };
		018B37401BAB882700D70719 /* Project1_TempTests.swift in Sources */ = {isa = PBXBuildFile; fileRef = 018B373F1BAB882700D70719 /* Project1_TempTests.swift */; };
/* End PBXBuildFile section */

/* Begin PBXContainerItemProxy section */
		018B373A1BAB882700D70719 /* PBXContainerItemProxy */ = {
			isa = PBXContainerItemProxy;
			containerPortal = 018B371C1BAB882700D70719 /* Project object */;
			proxyType = 1;
			remoteGlobalIDString = 018B37231BAB882700D70719;
			remoteInfo = "Project1-Temp";
		};
/* End PBXContainerItemProxy section */

/* Begin PBXFileReference section */
		018B37241BAB882700D70719 /* Project1-Temp.app */ = {isa = PBXFileReference; explicitFileType = wrapper.application; includeInIndex = 0; path = "Project1-Temp.app"; sourceTree = BUILT_PRODUCTS_DIR; };
		018B37281BAB882700D70719 /* Info.plist */ = {isa = PBXFileReference; lastKnownFileType = text.plist.xml; path = Info.plist; sourceTree = "<group>"; };
		018B37291BAB882700D70719 /* AppDelegate.swift */ = {isa = PBXFileReference; lastKnownFileType = sourcecode.swift; path = AppDelegate.swift; sourceTree = "<group>"; };
		018B372B1BAB882700D70719 /* ViewController.swift */ = {isa = PBXFileReference; lastKnownFileType = sourcecode.swift; path = ViewController.swift; sourceTree = "<group>"; };
		018B372E1BAB882700D70719 /* Base */ = {isa = PBXFileReference; lastKnownFileType = file.storyboard; name = Base; path = Base.lproj/Main.storyboard; sourceTree = "<group>"; };
		018B37301BAB882700D70719 /* Images.xcassets */ = {isa = PBXFileReference; lastKnownFileType = folder.assetcatalog; path = Images.xcassets; sourceTree = "<group>"; };
		018B37331BAB882700D70719 /* Base */ = {isa = PBXFileReference; lastKnownFileType = file.xib; name = Base; path = Base.lproj/LaunchScreen.xib; sourceTree = "<group>"; };
		018B37391BAB882700D70719 /* Project1-TempTests.xctest */ = {isa = PBXFileReference; explicitFileType = wrapper.cfbundle; includeInIndex = 0; path = "Project1-TempTests.xctest"; sourceTree = BUILT_PRODUCTS_DIR; };
		018B373E1BAB882700D70719 /* Info.plist */ = {isa = PBXFileReference; lastKnownFileType = text.plist.xml; path = Info.plist; sourceTree = "<group>"; };
		018B373F1BAB882700D70719 /* Project1_TempTests.swift */ = {isa = PBXFileReference; lastKnownFileType = sourcecode.swift; path = Project1_TempTests.swift; sourceTree = "<group>"; };
/* End PBXFileReference section */

/* Begin PBXFrameworksBuildPhase section */
		018B37211BAB882700D70719 /* Frameworks */ = {
			isa = PBXFrameworksBuildPhase;
			buildActionMask = 2147483647;
			files = (
			);
			runOnlyForDeploymentPostprocessing = 0;
		};
		018B37361BAB882700D70719 /* Frameworks */ = {
			isa = PBXFrameworksBuildPhase;
			buildActionMask = 2147483647;
			files = (
			);
			runOnlyForDeploymentPostprocessing = 0;
		};
/* End PBXFrameworksBuildPhase section */

/* Begin PBXGroup section */
		018B371B1BAB882700D70719 = {
			isa = PBXGroup;
			children = (
				018B37261BAB882700D70719 /* Project1-Temp */,
				018B373C1BAB882700D70719 /* Project1-TempTests */,
				018B37251BAB882700D70719 /* Products */,
			);
			sourceTree = "<group>";
		};
		018B37251BAB882700D70719 /* Products */ = {
			isa = PBXGroup;
			children = (
				018B37241BAB882700D70719 /* Project1-Temp.app */,
				018B37391BAB882700D70719 /* Project1-TempTests.xctest */,
			);
			name = Products;
			sourceTree = "<group>";
		};
		018B37261BAB882700D70719 /* Project1-Temp */ = {
			isa = PBXGroup;
			children = (
				018B37291BAB882700D70719 /* AppDelegate.swift */,
				018B372B1BAB882700D70719 /* ViewController.swift */,
				018B372D1BAB882700D70719 /* Main.storyboard */,
				018B37301BAB882700D70719 /* Images.xcassets */,
				018B37321BAB882700D70719 /* LaunchScreen.xib */,
				018B37271BAB882700D70719 /* Supporting Files */,
			);
			path = "Project1-Temp";
			sourceTree = "<group>";
		};
		018B37271BAB882700D70719 /* Supporting Files */ = {
			isa = PBXGroup;
			children = (
				018B37281BAB882700D70719 /* Info.plist */,
			);
			name = "Supporting Files";
			sourceTree = "<group>";
		};
		018B373C1BAB882700D70719 /* Project1-TempTests */ = {
			isa = PBXGroup;
			children = (
				018B373F1BAB882700D70719 /* Project1_TempTests.swift */,
				018B373D1BAB882700D70719 /* Supporting Files */,
			);
			path = "Project1-TempTests";
			sourceTree = "<group>";
		};
		018B373D1BAB882700D70719 /* Supporting Files */ = {
			isa = PBXGroup;
			children = (
				018B373E1BAB882700D70719 /* Info.plist */,
			);
			name = "Supporting Files";
			sourceTree = "<group>";
		};
/* End PBXGroup section */

/* Begin PBXNativeTarget section */
		018B37231BAB882700D70719 /* Project1-Temp */ = {
			isa = PBXNativeTarget;
			buildConfigurationList = 018B37431BAB882700D70719 /* Build configuration list for PBXNativeTarget "Project1-Temp" */;
			buildPhases = (
				018B37201BAB882700D70719 /* Sources */,
				018B37211BAB882700D70719 /* Frameworks */,
				018B37221BAB882700D70719 /* Resources */,
			);
			buildRules = (
			);
			dependencies = (
			);
			name = "Project1-Temp";
			productName = "Project1-Temp";
			productReference = 018B37241BAB882700D70719 /* Project1-Temp.app */;
			productType = "com.apple.product-type.application";
		};
		018B37381BAB882700D70719 /* Project1-TempTests */ = {
			isa = PBXNativeTarget;
			buildConfigurationList = 018B37461BAB882700D70719 /* Build configuration list for PBXNativeTarget "Project1-TempTests" */;
			buildPhases = (
				018B37351BAB882700D70719 /* Sources */,
				018B37361BAB882700D70719 /* Frameworks */,
				018B37371BAB882700D70719 /* Resources */,
			);
			buildRules = (
			);
			dependencies = (
				018B373B1BAB882700D70719 /* PBXTargetDependency */,
			);
			name = "Project1-TempTests";
			productName = "Project1-TempTests";
			productReference = 018B37391BAB882700D70719 /* Project1-TempTests.xctest */;
			productType = "com.apple.product-type.bundle.unit-test";
		};
/* End PBXNativeTarget section */

/* Begin PBXProject section */
		018B371C1BAB882700D70719 /* Project object */ = {
			isa = PBXProject;
			attributes = {
				LastUpgradeCheck = 0640;
				ORGANIZATIONNAME = "Yadira Valadez";
				TargetAttributes = {
					018B37231BAB882700D70719 = {
						CreatedOnToolsVersion = 6.4;
					};
					018B37381BAB882700D70719 = {
						CreatedOnToolsVersion = 6.4;
						TestTargetID = 018B37231BAB882700D70719;
					};
				};
			};
			buildConfigurationList = 018B371F1BAB882700D70719 /* Build configuration list for PBXProject "Project1-Temp" */;
			compatibilityVersion = "Xcode 3.2";
			developmentRegion = English;
			hasScannedForEncodings = 0;
			knownRegions = (
				en,
				Base,
			);
			mainGroup = 018B371B1BAB882700D70719;
			productRefGroup = 018B37251BAB882700D70719 /* Products */;
			projectDirPath = "";
			projectRoot = "";
			targets = (
				018B37231BAB882700D70719 /* Project1-Temp */,
				018B37381BAB882700D70719 /* Project1-TempTests */,
			);
		};
/* End PBXProject section */

/* Begin PBXResourcesBuildPhase section */
		018B37221BAB882700D70719 /* Resources */ = {
			isa = PBXResourcesBuildPhase;
			buildActionMask = 2147483647;
			files = (
				018B372F1BAB882700D70719 /* Main.storyboard in Resources */,
				018B37341BAB882700D70719 /* LaunchScreen.xib in Resources */,
				018B37311BAB882700D70719 /* Images.xcassets in Resources */,
			);
			runOnlyForDeploymentPostprocessing = 0;
		};
		018B37371BAB882700D70719 /* Resources */ = {
			isa = PBXResourcesBuildPhase;
			buildActionMask = 2147483647;
			files = (
			);
			runOnlyForDeploymentPostprocessing = 0;
		};
/* End PBXResourcesBuildPhase section */

/* Begin PBXSourcesBuildPhase section */
		018B37201BAB882700D70719 /* Sources */ = {
			isa = PBXSourcesBuildPhase;
			buildActionMask = 2147483647;
			files = (
				018B372C1BAB882700D70719 /* ViewController.swift in Sources */,
				018B372A1BAB882700D70719 /* AppDelegate.swift in Sources */,
			);
			runOnlyForDeploymentPostprocessing = 0;
		};
		018B37351BAB882700D70719 /* Sources */ = {
			isa = PBXSourcesBuildPhase;
			buildActionMask = 2147483647;
			files = (
				018B37401BAB882700D70719 /* Project1_TempTests.swift in Sources */,
			);
			runOnlyForDeploymentPostprocessing = 0;
		};
/* End PBXSourcesBuildPhase section */

/* Begin PBXTargetDependency section */
		018B373B1BAB882700D70719 /* PBXTargetDependency */ = {
			isa = PBXTargetDependency;
			target = 018B37231BAB882700D70719 /* Project1-Temp */;
			targetProxy = 018B373A1BAB882700D70719 /* PBXContainerItemProxy */;
		};
/* End PBXTargetDependency section */

/* Begin PBXVariantGroup section */
		018B372D1BAB882700D70719 /* Main.storyboard */ = {
			isa = PBXVariantGroup;
			children = (
				018B372E1BAB882700D70719 /* Base */,
			);
			name = Main.storyboard;
			sourceTree = "<group>";
		};
		018B37321BAB882700D70719 /* LaunchScreen.xib */ = {
			isa = PBXVariantGroup;
			children = (
				018B37331BAB882700D70719 /* Base */,
			);
			name = LaunchScreen.xib;
			sourceTree = "<group>";
		};
/* End PBXVariantGroup section */

/* Begin XCBuildConfiguration section */
		018B37411BAB882700D70719 /* Debug */ = {
			isa = XCBuildConfiguration;
			buildSettings = {
				ALWAYS_SEARCH_USER_PATHS = NO;
				CLANG_CXX_LANGUAGE_STANDARD = "gnu++0x";
				CLANG_CXX_LIBRARY = "libc++";
				CLANG_ENABLE_MODULES = YES;
				CLANG_ENABLE_OBJC_ARC = YES;
				CLANG_WARN_BOOL_CONVERSION = YES;
				CLANG_WARN_CONSTANT_CONVERSION = YES;
				CLANG_WARN_DIRECT_OBJC_ISA_USAGE = YES_ERROR;
				CLANG_WARN_EMPTY_BODY = YES;
				CLANG_WARN_ENUM_CONVERSION = YES;
				CLANG_WARN_INT_CONVERSION = YES;
				CLANG_WARN_OBJC_ROOT_CLASS = YES_ERROR;
				CLANG_WARN_UNREACHABLE_CODE = YES;
				CLANG_WARN__DUPLICATE_METHOD_MATCH = YES;
				"CODE_SIGN_IDENTITY[sdk=iphoneos*]" = "iPhone Developer";
				COPY_PHASE_STRIP = NO;
				DEBUG_INFORMATION_FORMAT = "dwarf-with-dsym";
				ENABLE_STRICT_OBJC_MSGSEND = YES;
				GCC_C_LANGUAGE_STANDARD = gnu99;
				GCC_DYNAMIC_NO_PIC = NO;
				GCC_NO_COMMON_BLOCKS = YES;
				GCC_OPTIMIZATION_LEVEL = 0;
				GCC_PREPROCESSOR_DEFINITIONS = (
					"DEBUG=1",
					"$(inherited)",
				);
				GCC_SYMBOLS_PRIVATE_EXTERN = NO;
				GCC_WARN_64_TO_32_BIT_CONVERSION = YES;
				GCC_WARN_ABOUT_RETURN_TYPE = YES_ERROR;
				GCC_WARN_UNDECLARED_SELECTOR = YES;
				GCC_WARN_UNINITIALIZED_AUTOS = YES_AGGRESSIVE;
				GCC_WARN_UNUSED_FUNCTION = YES;
				GCC_WARN_UNUSED_VARIABLE = YES;
				IPHONEOS_DEPLOYMENT_TARGET = 8.4;
				MTL_ENABLE_DEBUG_INFO = YES;
				ONLY_ACTIVE_ARCH = YES;
				SDKROOT = iphoneos;
				SWIFT_OPTIMIZATION_LEVEL = "-Onone";
			};
			name = Debug;
		};
		018B37421BAB882700D70719 /* Release */ = {
			isa = XCBuildConfiguration;
			buildSettings = {
				ALWAYS_SEARCH_USER_PATHS = NO;
				CLANG_CXX_LANGUAGE_STANDARD = "gnu++0x";
				CLANG_CXX_LIBRARY = "libc++";
				CLANG_ENABLE_MODULES = YES;
				CLANG_ENABLE_OBJC_ARC = YES;
				CLANG_WARN_BOOL_CONVERSION = YES;
				CLANG_WARN_CONSTANT_CONVERSION = YES;
				CLANG_WARN_DIRECT_OBJC_ISA_USAGE = YES_ERROR;
				CLANG_WARN_EMPTY_BODY = YES;
				CLANG_WARN_ENUM_CONVERSION = YES;
				CLANG_WARN_INT_CONVERSION = YES;
				CLANG_WARN_OBJC_ROOT_CLASS = YES_ERROR;
				CLANG_WARN_UNREACHABLE_CODE = YES;
				CLANG_WARN__DUPLICATE_METHOD_MATCH = YES;
				"CODE_SIGN_IDENTITY[sdk=iphoneos*]" = "iPhone Developer";
				COPY_PHASE_STRIP = NO;
				DEBUG_INFORMATION_FORMAT = "dwarf-with-dsym";
				ENABLE_NS_ASSERTIONS = NO;
				ENABLE_STRICT_OBJC_MSGSEND = YES;
				GCC_C_LANGUAGE_STANDARD = gnu99;
				GCC_NO_COMMON_BLOCKS = YES;
				GCC_WARN_64_TO_32_BIT_CONVERSION = YES;
				GCC_WARN_ABOUT_RETURN_TYPE = YES_ERROR;
				GCC_WARN_UNDECLARED_SELECTOR = YES;
				GCC_WARN_UNINITIALIZED_AUTOS = YES_AGGRESSIVE;
				GCC_WARN_UNUSED_FUNCTION = YES;
				GCC_WARN_UNUSED_VARIABLE = YES;
				IPHONEOS_DEPLOYMENT_TARGET = 8.4;
				MTL_ENABLE_DEBUG_INFO = NO;
				SDKROOT = iphoneos;
				VALIDATE_PRODUCT = YES;
			};
			name = Release;
		};
		018B37441BAB882700D70719 /* Debug */ = {
			isa = XCBuildConfiguration;
			buildSettings = {
				ASSETCATALOG_COMPILER_APPICON_NAME = AppIcon;
				INFOPLIST_FILE = "Project1-Temp/Info.plist";
				LD_RUNPATH_SEARCH_PATHS = "$(inherited) @executable_path/Frameworks";
				PRODUCT_NAME = "$(TARGET_NAME)";
			};
			name = Debug;
		};
		018B37451BAB882700D70719 /* Release */ = {
			isa = XCBuildConfiguration;
			buildSettings = {
				ASSETCATALOG_COMPILER_APPICON_NAME = AppIcon;
				INFOPLIST_FILE = "Project1-Temp/Info.plist";
				LD_RUNPATH_SEARCH_PATHS = "$(inherited) @executable_path/Frameworks";
				PRODUCT_NAME = "$(TARGET_NAME)";
			};
			name = Release;
		};
		018B37471BAB882700D70719 /* Debug */ = {
			isa = XCBuildConfiguration;
			buildSettings = {
				BUNDLE_LOADER = "$(TEST_HOST)";
				FRAMEWORK_SEARCH_PATHS = (
					"$(SDKROOT)/Developer/Library/Frameworks",
					"$(inherited)",
				);
				GCC_PREPROCESSOR_DEFINITIONS = (
					"DEBUG=1",
					"$(inherited)",
				);
				INFOPLIST_FILE = "Project1-TempTests/Info.plist";
				LD_RUNPATH_SEARCH_PATHS = "$(inherited) @executable_path/Frameworks @loader_path/Frameworks";
				PRODUCT_NAME = "$(TARGET_NAME)";
				TEST_HOST = "$(BUILT_PRODUCTS_DIR)/Project1-Temp.app/Project1-Temp";
			};
			name = Debug;
		};
		018B37481BAB882700D70719 /* Release */ = {
			isa = XCBuildConfiguration;
			buildSettings = {
				BUNDLE_LOADER = "$(TEST_HOST)";
				FRAMEWORK_SEARCH_PATHS = (
					"$(SDKROOT)/Developer/Library/Frameworks",
					"$(inherited)",
				);
				INFOPLIST_FILE = "Project1-TempTests/Info.plist";
				LD_RUNPATH_SEARCH_PATHS = "$(inherited) @executable_path/Frameworks @loader_path/Frameworks";
				PRODUCT_NAME = "$(TARGET_NAME)";
				TEST_HOST = "$(BUILT_PRODUCTS_DIR)/Project1-Temp.app/Project1-Temp";
			};
			name = Release;
		};
/* End XCBuildConfiguration section */

/* Begin XCConfigurationList section */
		018B371F1BAB882700D70719 /* Build configuration list for PBXProject "Project1-Temp" */ = {
			isa = XCConfigurationList;
			buildConfigurations = (
				018B37411BAB882700D70719 /* Debug */,
				018B37421BAB882700D70719 /* Release */,
			);
			defaultConfigurationIsVisible = 0;
			defaultConfigurationName = Release;
		};
		018B37431BAB882700D70719 /* Build configuration list for PBXNativeTarget "Project1-Temp" */ = {
			isa = XCConfigurationList;
			buildConfigurations = (
				018B37441BAB882700D70719 /* Debug */,
				018B37451BAB882700D70719 /* Release */,
			);
			defaultConfigurationIsVisible = 0;
			defaultConfigurationName = Release;
		};
		018B37461BAB882700D70719 /* Build configuration list for PBXNativeTarget "Project1-TempTests" */ = {
			isa = XCConfigurationList;
			buildConfigurations = (
				018B37471BAB882700D70719 /* Debug */,
				018B37481BAB882700D70719 /* Release */,
			);
			defaultConfigurationIsVisible = 0;
			defaultConfigurationName = Release;
		};
/* End XCConfigurationList section */
	};
	rootObject = 018B371C1BAB882700D70719 /* Project object */;
}
